# This file is autogenerated, do not edit; changes may be undone by the next 'dep ensure'.


[[projects]]
  name = "code.cloudfoundry.org/cli"
  packages = [
    "plugin",
    "plugin/models"
  ]
  revision = "07673feb94139e99a874c5cfd0e1d30f044f4236"
  version = "v6.40.0"

[[projects]]
  name = "github.com/cloudfoundry/cli"
  packages = ["plugin"]
  revision = "07673feb94139e99a874c5cfd0e1d30f044f4236"
  version = "v6.40.0"

[[projects]]
  name = "github.com/k0kubun/pp"
  packages = ["."]
  revision = "027a6d1765d673d337e687394dbe780dd64e2a1e"
  version = "v2.3.0"

[[projects]]
  name = "github.com/mattn/go-colorable"
  packages = ["."]
  revision = "167de6bfdfba052fa6b2d3664c8f5272e23c9072"
  version = "v0.0.9"

[[projects]]
  name = "github.com/mattn/go-isatty"
  packages = ["."]
  revision = "6ca4dbf54d38eea1a992b3c722a76a5d1c4cb25c"
  version = "v0.0.4"

[[projects]]
  branch = "master"
  name = "golang.org/x/sys"
  packages = ["unix"]
  revision = "d69651ed3497faee15a5363a89578e9991f6d5e2"

[[projects]]
  name = "gopkg.in/yaml.v2"
  packages = ["."]
  revision = "5420a8b6744d3b0345ab293f6fcba19c978f1183"
  version = "v2.2.1"

[solve-meta]
  analyzer-name = "dep"
  analyzer-version = 1
  inputs-digest = "ab149f48765bc5eb3ec732a836c74001de1decd6e4547d47966ef31f5522e92c"
  solver-name = "gps-cdcl"
  solver-version = 1
